version = 1
revision = 2
requires-python = ">=3.12"

[[package]]
name = "ais-faker"
version = "0.1.0"
source = { virtual = "." }
dependencies = [
    { name = "pyais" },
]

[package.metadata]
requires-dist = [{ name = "pyais", specifier = ">=2.10.0" }]

[[package]]
name = "attrs"
version = "25.3.0"
source = { registry = "https://pypi.org/simple" }
sdist = { url = "https://files.pythonhosted.org/packages/5a/b0/1367933a8532ee6ff8d63537de4f1177af4bff9f3e829baf7331f595bb24/attrs-25.3.0.tar.gz", hash = "sha256:75d7cefc7fb576747b2c81b4442d4d4a1ce0900973527c011d1030fd3bf4af1b", size = 812032, upload-time = "2025-03-13T11:10:22.779Z" }
wheels = [
    { url = "https://files.pythonhosted.org/packages/77/06/bb80f5f86020c4551da315d78b3ab75e8228f89f0162f2c3a819e407941a/attrs-25.3.0-py3-none-any.whl", hash = "sha256:427318ce031701fea540783410126f03899a97ffc6f61596ad581ac2e40e3bc3", size = 63815, upload-time = "2025-03-13T11:10:21.14Z" },
]

[[package]]
name = "bitarray"
version = "3.4.3"
source = { registry = "https://pypi.org/simple" }
sdist = { url = "https://files.pythonhosted.org/packages/02/36/eef91e03e44be4b96a613333acfc0c636af2f3f3033b17e08e2052b649c5/bitarray-3.4.3.tar.gz", hash = "sha256:dddfb2bf086b66aec1c0110dc46642b7161f587a6441cfe74da9e323975f62f0", size = 143930, upload-time = "2025-06-23T23:23:20.578Z" }
wheels = [
    { url = "https://files.pythonhosted.org/packages/40/9f/803f016eb9d514cd3f0aeb3dd4b06066af7dd2b7d6fb315bfce7926240a7/bitarray-3.4.3-cp312-cp312-macosx_10_13_x86_64.whl", hash = "sha256:eb6d5b1c2d544e2691a9d519bdbbbc41630e71f0f5d3b4b02e072b1ecf7fe78a", size = 140680, upload-time = "2025-06-23T23:20:21.293Z" },
    { url = "https://files.pythonhosted.org/packages/41/ac/4cb6e0dd359e0c8498414ba9efc259a11cc5ae8463b3c9b4ec1ca1839945/bitarray-3.4.3-cp312-cp312-macosx_11_0_arm64.whl", hash = "sha256:e2b416291ba7817219296d2911fe06771b620541af26e6a4cc75e3559316d0af", size = 137524, upload-time = "2025-06-23T23:20:23.042Z" },
    { url = "https://files.pythonhosted.org/packages/5e/08/4ad3f7cec01969c09f67da73023706e1661bf5a005afad9b7cfec73c6c6a/bitarray-3.4.3-cp312-cp312-manylinux_2_17_aarch64.manylinux2014_aarch64.whl", hash = "sha256:f0522e602faf527e028a973e6260f2b6259a47d79fe8ddbf81b5176af36935e4", size = 317200, upload-time = "2025-06-23T23:20:24.707Z" },
    { url = "https://files.pythonhosted.org/packages/bf/55/19bc4d553654644623e9ae4b1381de9c67ae1e54d5b9a95c6ea48f46c950/bitarray-3.4.3-cp312-cp312-manylinux_2_17_ppc64le.manylinux2014_ppc64le.whl", hash = "sha256:bd6b925a010d2749cba456ecd843f633594855f356d3ae66c49eb8cc6b3e0ba7", size = 332827, upload-time = "2025-06-23T23:20:26.69Z" },
    { url = "https://files.pythonhosted.org/packages/b9/8a/0f7a3e971370fabb40c99a65145c3ae6f21dd858513f761a5d59f646d5cb/bitarray-3.4.3-cp312-cp312-manylinux_2_17_s390x.manylinux2014_s390x.whl", hash = "sha256:1a8dc18fb4e24affd29fbaf48a2c6714fa3dece01b7e06d7f0bb75a187f8f5cd", size = 326301, upload-time = "2025-06-23T23:20:28.308Z" },
    { url = "https://files.pythonhosted.org/packages/e1/cf/e35d81eabd1130e2725619106f9abf85f38bd140ce583e4ce4006a616d78/bitarray-3.4.3-cp312-cp312-manylinux_2_17_x86_64.manylinux2014_x86_64.whl", hash = "sha256:d3e9ea27c5f877d6abeb02ee6affcf97804829b35a640c52a0e4ae340e401c9e", size = 319172, upload-time = "2025-06-23T23:20:29.722Z" },
    { url = "https://files.pythonhosted.org/packages/aa/8a/e26e3478c506191e31d3e3f56011e2874afa232412765d3bb77777556b5e/bitarray-3.4.3-cp312-cp312-manylinux_2_5_i686.manylinux1_i686.manylinux_2_17_i686.manylinux2014_i686.whl", hash = "sha256:c3720b7e9816f61ff0dfa2d750c3cd2f989d1105d953606fb90471f45f5b8065", size = 306535, upload-time = "2025-06-23T23:20:31.199Z" },
    { url = "https://files.pythonhosted.org/packages/45/c1/c5b07a97ba12d1fe72a83372bfa25a06439ebe131c5ea9992120ef65c92b/bitarray-3.4.3-cp312-cp312-musllinux_1_2_aarch64.whl", hash = "sha256:09abb161caada9ae4cd556c7d2f4d430f8eb2a8248f2e3fa93d5eea799ed1563", size = 311403, upload-time = "2025-06-23T23:20:33.068Z" },
    { url = "https://files.pythonhosted.org/packages/0a/46/187875c5976a81d0e73db0ac017a36e8a9fe3d880c11c432e8fe3057326a/bitarray-3.4.3-cp312-cp312-musllinux_1_2_i686.whl", hash = "sha256:bfb3fee5054a9a266d2d3d274987fbc5d75893ba8d28b849d6ffbdaefcad30f1", size = 302970, upload-time = "2025-06-23T23:20:34.778Z" },
    { url = "https://files.pythonhosted.org/packages/24/36/88838419c29feefae55b7ca41db30c72f487fbb0bea5bd3de39cecc1af25/bitarray-3.4.3-cp312-cp312-musllinux_1_2_ppc64le.whl", hash = "sha256:a4eed600da6de44f260d440a60c55722beacd9908a4a2d6550323e74a9bbbbd8", size = 327525, upload-time = "2025-06-23T23:20:36.233Z" },
    { url = "https://files.pythonhosted.org/packages/b1/cc/88fbedbb3c6b1432c425915777026d9030906c3a92630d18f74f4206efa1/bitarray-3.4.3-cp312-cp312-musllinux_1_2_s390x.whl", hash = "sha256:98effdef57d3c60c3df67f203ee83b0716edd50b3ef9afaf1ae6468e5204c78f", size = 331324, upload-time = "2025-06-23T23:20:37.598Z" },
    { url = "https://files.pythonhosted.org/packages/ff/25/4e4806ac9b2497699698d6a0660d5323c082657e2259c5df96e6d2e2140a/bitarray-3.4.3-cp312-cp312-musllinux_1_2_x86_64.whl", hash = "sha256:71fe2e56394f81ed4d027938cf165f12b684c1d88fede535297f5ac94f54f5a0", size = 311275, upload-time = "2025-06-23T23:20:39.345Z" },
    { url = "https://files.pythonhosted.org/packages/ce/14/2400f4b9cddcf19ccd4d6ed3732bb700cb1909423cbe0b23f643e5ee5ba1/bitarray-3.4.3-cp312-cp312-win32.whl", hash = "sha256:28ea1d79c13a8443cdacf8711471d407ad402d55dac457a634be2dd739589a66", size = 134622, upload-time = "2025-06-23T23:20:41.036Z" },
    { url = "https://files.pythonhosted.org/packages/13/e1/54a8b7e498a5fbaeb3cf71537968884e0899410c4b33b208680da630a5c5/bitarray-3.4.3-cp312-cp312-win_amd64.whl", hash = "sha256:ccb0bdca279d29286ef9bd973a975217927dfa7e0f0d6eac956df5b32ff7c57d", size = 141471, upload-time = "2025-06-23T23:20:42.274Z" },
    { url = "https://files.pythonhosted.org/packages/4b/dc/c0a56c0a01cbf36ac2d988f48ccbd4caf7fc78a8eeffea3046ceea17adfe/bitarray-3.4.3-cp313-cp313-macosx_10_13_x86_64.whl", hash = "sha256:2162e97bbdb3a9d2dbf039df02baf9eefd2c13149fc615a5ce5a0189bff82fd4", size = 140655, upload-time = "2025-06-23T23:20:43.625Z" },
    { url = "https://files.pythonhosted.org/packages/2b/62/5c10ba0ccf340e6744aef26135cef61ea7d0756e234ad9b175d2490e91c3/bitarray-3.4.3-cp313-cp313-macosx_11_0_arm64.whl", hash = "sha256:254ab82798faf4636ffd3b5bfe2bf24ee6f70e0c8b794491da24f143329bf4c5", size = 137514, upload-time = "2025-06-23T23:20:45.232Z" },
    { url = "https://files.pythonhosted.org/packages/44/ba/6847f426473c02917cf5784c49dd4a5411cdf2aec1ca9df8fcdd98fcd2b8/bitarray-3.4.3-cp313-cp313-manylinux_2_17_aarch64.manylinux2014_aarch64.whl", hash = "sha256:9342795493deacc6bea42782fea777e180abb28cf2440e743f6c52b65b4bfddd", size = 317153, upload-time = "2025-06-23T23:20:47.556Z" },
    { url = "https://files.pythonhosted.org/packages/61/fe/2919d90da6fb81044d2ff5565ab7e85f1005ba8d1f65fca6cd914d4cab33/bitarray-3.4.3-cp313-cp313-manylinux_2_17_ppc64le.manylinux2014_ppc64le.whl", hash = "sha256:28347e92310a042e958c53336b03bea7e3eec451411ed0e27180d19c428ad7f2", size = 332706, upload-time = "2025-06-23T23:20:49.29Z" },
    { url = "https://files.pythonhosted.org/packages/60/9e/4d8a901744d28a17735050ac3564ee9d28b34885c772d9321f7af63e6944/bitarray-3.4.3-cp313-cp313-manylinux_2_17_s390x.manylinux2014_s390x.whl", hash = "sha256:f873f4506649575495ffc91febf3e573eabdb7b800e96326533a711807bbe7df", size = 326200, upload-time = "2025-06-23T23:20:51.176Z" },
    { url = "https://files.pythonhosted.org/packages/65/00/354655103f670c8051b10f597e8c70ba1959a92e9e73fa81ad246786b1e7/bitarray-3.4.3-cp313-cp313-manylinux_2_17_x86_64.manylinux2014_x86_64.whl", hash = "sha256:9e9d9df7558497c72e832b1a29a1d3ec394c50c79829755b6237f9a76146f5e2", size = 319054, upload-time = "2025-06-23T23:20:52.652Z" },
    { url = "https://files.pythonhosted.org/packages/73/40/6ef40ca1b1d96dfe4102b96f3e0bf544f5872fae6a744f0a3aac649a9217/bitarray-3.4.3-cp313-cp313-manylinux_2_5_i686.manylinux1_i686.manylinux_2_17_i686.manylinux2014_i686.whl", hash = "sha256:f849e428dd2c8c38b705e28b2baa6601fc9013e3a8dd4b922f128e474bcf687d", size = 306379, upload-time = "2025-06-23T23:20:54.024Z" },
    { url = "https://files.pythonhosted.org/packages/75/6e/46f2debcfa1ebffca1ae7e5644375c551618eda192dd0481df21e78e5e92/bitarray-3.4.3-cp313-cp313-musllinux_1_2_aarch64.whl", hash = "sha256:438c50f2f9a5751fb12b1ae5c6283c94fc420c191ecd97f0d37483b3f1674a61", size = 311409, upload-time = "2025-06-23T23:20:55.796Z" },
    { url = "https://files.pythonhosted.org/packages/fc/bf/bc0d5f371ea3a65d615663fc8f3ee03a2c1fade9bc18133504e60cbef2b4/bitarray-3.4.3-cp313-cp313-musllinux_1_2_i686.whl", hash = "sha256:5cf5bdce1e64eb77cb10fd1046ec7ccd84a3e68cdeaf05da300adfc0a5ddcfa5", size = 302976, upload-time = "2025-06-23T23:20:57.251Z" },
    { url = "https://files.pythonhosted.org/packages/a4/cf/c851e57a8bd681fe77086630330b8f374616dba3c676aaeb278e0cac8d34/bitarray-3.4.3-cp313-cp313-musllinux_1_2_ppc64le.whl", hash = "sha256:2e981af7e4e0d33de3cd7132619c04484cc83846922507855d6d167ae2c444b5", size = 327525, upload-time = "2025-06-23T23:20:58.815Z" },
    { url = "https://files.pythonhosted.org/packages/62/0b/8868d01a41bd486736d75009e80122e67b453e07520b4565c81f2f79e50f/bitarray-3.4.3-cp313-cp313-musllinux_1_2_s390x.whl", hash = "sha256:da717081402de4b5d66865c9989cb586076773a11af85324fdad4db6950d36a4", size = 331270, upload-time = "2025-06-23T23:21:00.488Z" },
    { url = "https://files.pythonhosted.org/packages/ed/a2/4e92ee5daf21ed200e31ee07b2f305c413332f1d54c51c8478c765414b20/bitarray-3.4.3-cp313-cp313-musllinux_1_2_x86_64.whl", hash = "sha256:d6b1a7764e178b127e1388015c00bbc20d4e7188129532c530f1a12979c491f2", size = 311288, upload-time = "2025-06-23T23:21:01.901Z" },
    { url = "https://files.pythonhosted.org/packages/89/b2/1152782423029d5af578069870e451c9d9589ffa63464c76fe0385f82f52/bitarray-3.4.3-cp313-cp313-win32.whl", hash = "sha256:23ec148e5db67efee6376eefc0d167d4a25610b9e333b05e4ccfdcf7c2ac8a9a", size = 134634, upload-time = "2025-06-23T23:21:03.66Z" },
    { url = "https://files.pythonhosted.org/packages/a1/3c/00b002c5df85f30b9eb598edabcb8e10728d77014f2d04e38ec31b369be1/bitarray-3.4.3-cp313-cp313-win_amd64.whl", hash = "sha256:c3113d40de1adfd3c4f08e4bb0a69ff88807085cf2916138f2b55839c9d8d1b2", size = 141522, upload-time = "2025-06-23T23:21:04.973Z" },
]

[[package]]
name = "pyais"
version = "2.10.0"
source = { registry = "https://pypi.org/simple" }
dependencies = [
    { name = "attrs" },
    { name = "bitarray" },
]
sdist = { url = "https://files.pythonhosted.org/packages/8c/ac/e7f686301a0a9df700084d661be2e6dc308598bbda83fd44b9244f58a6e4/pyais-2.10.0.tar.gz", hash = "sha256:a8af085145e75f01d536811b41787333203ba60b3e7f202172b6b2a1a91ceaaf", size = 101344, upload-time = "2025-06-22T12:04:05.285Z" }
wheels = [
    { url = "https://files.pythonhosted.org/packages/ea/a1/5bdd80a42bf154ba35ff91fa560fe0d3825bd2230ed71967b95f078a607f/pyais-2.10.0-py3-none-any.whl", hash = "sha256:32332d7efdf9ffccdd3b638888baea9d2f3db876fe81a662aee2fded748e81d0", size = 56188, upload-time = "2025-06-22T12:04:04.14Z" },
]
